
Microsoft Visual Studio Solution File, Format Version 12.00
# Visual Studio Version 16
VisualStudioVersion = 16.0.30225.117
MinimumVisualStudioVersion = 10.0.40219.1
Project("{9A19103F-16F7-4668-BE54-9A1E7A4F7556}") = "Truck.API", "Truck.API\Truck.API.csproj", "{CD372F0B-171B-49B2-9D80-0949732A4A5B}"
EndProject
Project("{9A19103F-16F7-4668-BE54-9A1E7A4F7556}") = "Truck.Domain", "Truck.Domain\Truck.Domain.csproj", "{111198DA-C993-442F-9040-AAC7998892FF}"
EndProject
Project("{9A19103F-16F7-4668-BE54-9A1E7A4F7556}") = "Truck.Data", "Truck.Data\Truck.Data.csproj", "{8CF7794F-9A2C-4A93-872F-4C42907CE09C}"
EndProject
Global
	GlobalSection(SolutionConfigurationPlatforms) = preSolution
		Debug|Any CPU = Debug|Any CPU
		Release|Any CPU = Release|Any CPU
	EndGlobalSection
	GlobalSection(ProjectConfigurationPlatforms) = postSolution
		{CD372F0B-171B-49B2-9D80-0949732A4A5B}.Debug|Any CPU.ActiveCfg = Debug|Any CPU
		{CD372F0B-171B-49B2-9D80-0949732A4A5B}.Debug|Any CPU.Build.0 = Debug|Any CPU
		{CD372F0B-171B-49B2-9D80-0949732A4A5B}.Release|Any CPU.ActiveCfg = Release|Any CPU
		{CD372F0B-171B-49B2-9D80-0949732A4A5B}.Release|Any CPU.Build.0 = Release|Any CPU
		{111198DA-C993-442F-9040-AAC7998892FF}.Debug|Any CPU.ActiveCfg = Debug|Any CPU
		{111198DA-C993-442F-9040-AAC7998892FF}.Debug|Any CPU.Build.0 = Debug|Any CPU
		{111198DA-C993-442F-9040-AAC7998892FF}.Release|Any CPU.ActiveCfg = Release|Any CPU
		{111198DA-C993-442F-9040-AAC7998892FF}.Release|Any CPU.Build.0 = Release|Any CPU
		{8CF7794F-9A2C-4A93-872F-4C42907CE09C}.Debug|Any CPU.ActiveCfg = Debug|Any CPU
		{8CF7794F-9A2C-4A93-872F-4C42907CE09C}.Debug|Any CPU.Build.0 = Debug|Any CPU
		{8CF7794F-9A2C-4A93-872F-4C42907CE09C}.Release|Any CPU.ActiveCfg = Release|Any CPU
		{8CF7794F-9A2C-4A93-872F-4C42907CE09C}.Release|Any CPU.Build.0 = Release|Any CPU
	EndGlobalSection
	GlobalSection(SolutionProperties) = preSolution
		HideSolutionNode = FALSE
	EndGlobalSection
	GlobalSection(ExtensibilityGlobals) = postSolution
		SolutionGuid = {09433289-E9D4-482C-9BF0-B77A3ADE9EDC}
	EndGlobalSection
EndGlobal
